
Microsoft Visual Studio Solution File, Format Version 12.00
# Visual Studio Version 16
VisualStudioVersion = 16.0.31129.286
MinimumVisualStudioVersion = 10.0.40219.1
Project("{FAE04EC0-301F-11D3-BF4B-00C04F79EFBC}") = "Pract3", "Pract3\Pract3.csproj", "{36D88416-EFC2-4477-A45A-504EEA140509}"
EndProject
Global
	GlobalSection(SolutionConfigurationPlatforms) = preSolution
		Debug|Any CPU = Debug|Any CPU
		Release|Any CPU = Release|Any CPU
	EndGlobalSection
	GlobalSection(ProjectConfigurationPlatforms) = postSolution
		{36D88416-EFC2-4477-A45A-504EEA140509}.Debug|Any CPU.ActiveCfg = Debug|Any CPU
		{36D88416-EFC2-4477-A45A-504EEA140509}.Debug|Any CPU.Build.0 = Debug|Any CPU
		{36D88416-EFC2-4477-A45A-504EEA140509}.Release|Any CPU.ActiveCfg = Release|Any CPU
		{36D88416-EFC2-4477-A45A-504EEA140509}.Release|Any CPU.Build.0 = Release|Any CPU
	EndGlobalSection
	GlobalSection(SolutionProperties) = preSolution
		HideSolutionNode = FALSE
	EndGlobalSection
	GlobalSection(ExtensibilityGlobals) = postSolution
		SolutionGuid = {96D65AE7-EA9E-45E3-A1A5-749FFEAA7A71}
	EndGlobalSection
EndGlobal
